
Microsoft Visual Studio Solution File, Format Version 12.00
# Visual Studio Version 17
VisualStudioVersion = 17.14.36127.28 d17.14
MinimumVisualStudioVersion = 10.0.40219.1
Project("{FAE04EC0-301F-11D3-BF4B-00C04F79EFBC}") = "Calculadora_de_Conversiones_Bases", "Calculadora_de_Conversiones_Bases.csproj", "{FBC50D8C-5FE3-4490-ADAE-5B1E7F94DF49}"
EndProject
Global
	GlobalSection(SolutionConfigurationPlatforms) = preSolution
		Debug|Any CPU = Debug|Any CPU
		Release|Any CPU = Release|Any CPU
	EndGlobalSection
	GlobalSection(ProjectConfigurationPlatforms) = postSolution
		{FBC50D8C-5FE3-4490-ADAE-5B1E7F94DF49}.Debug|Any CPU.ActiveCfg = Debug|Any CPU
		{FBC50D8C-5FE3-4490-ADAE-5B1E7F94DF49}.Debug|Any CPU.Build.0 = Debug|Any CPU
		{FBC50D8C-5FE3-4490-ADAE-5B1E7F94DF49}.Release|Any CPU.ActiveCfg = Release|Any CPU
		{FBC50D8C-5FE3-4490-ADAE-5B1E7F94DF49}.Release|Any CPU.Build.0 = Release|Any CPU
	EndGlobalSection
	GlobalSection(SolutionProperties) = preSolution
		HideSolutionNode = FALSE
	EndGlobalSection
	GlobalSection(ExtensibilityGlobals) = postSolution
		SolutionGuid = {AFA2A977-56D5-4EE9-8569-47F0DDF3F301}
	EndGlobalSection
EndGlobal
